<?xml version="1.0" encoding="UTF-8" standalone="yes" ?>
<CodeBlocks_project_file>
	<FileVersion major="1" minor="6" />
	<Project>
		<Option title="Evaluacion_integradora_grupo_87" />
		<Option pch_mode="2" />
		<Option compiler="gcc" />
		<Build>
			<Target title="Debug">
				<Option output="bin/Debug/Evaluacion_integradora_grupo_87" prefix_auto="1" extension_auto="1" />
				<Option object_output="obj/Debug/" />
				<Option type="1" />
				<Option compiler="gcc" />
				<Compiler>
					<Add option="-g" />
				</Compiler>
			</Target>
			<Target title="Release">
				<Option output="bin/Release/Evaluacion_integradora_grupo_87" prefix_auto="1" extension_auto="1" />
				<Option object_output="obj/Release/" />
				<Option type="1" />
				<Option compiler="gcc" />
				<Compiler>
					<Add option="-O2" />
				</Compiler>
				<Linker>
					<Add option="-s" />
				</Linker>
			</Target>
		</Build>
		<Compiler>
			<Add option="-Wall" />
			<Add option="-fexceptions" />
		</Compiler>
		<Unit filename="Headers/cambioDeRonda.cpp" />
		<Unit filename="Headers/cambioDeRonda.h" />
		<Unit filename="Headers/creditos.cpp" />
		<Unit filename="Headers/creditos.h" />
		<Unit filename="Headers/dadosbloqueadores.cpp" />
		<Unit filename="Headers/dadosbloqueadores.h" />
		<Unit filename="Headers/dadossumadores.cpp" />
		<Unit filename="Headers/dadossumadores.h" />
		<Unit filename="Headers/dosJugadores.cpp" />
		<Unit filename="Headers/dosJugadores.h" />
		<Unit filename="Headers/estadisticas.cpp" />
		<Unit filename="Headers/estadisticas.h" />
		<Unit filename="Headers/menu.cpp" />
		<Unit filename="Headers/menu.h" />
		<Unit filename="Headers/nombrejugador.cpp" />
		<Unit filename="Headers/nombrejugador.h" />
		<Unit filename="Headers/sumatoriaPuntos.cpp" />
		<Unit filename="Headers/sumatoriaPuntos.h" />
		<Unit filename="Headers/unjugador.cpp" />
		<Unit filename="Headers/unjugador.h" />
		<Unit filename="main.cpp" />
		<Extensions>
			<lib_finder disable_auto="1" />
		</Extensions>
	</Project>
</CodeBlocks_project_file>
